
Microsoft Visual Studio Solution File, Format Version 12.00
# Visual Studio Version 17
VisualStudioVersion = 17.1.32407.343
MinimumVisualStudioVersion = 10.0.40219.1
Project("{FAE04EC0-301F-11D3-BF4B-00C04F79EFBC}") = "Chats", "Chats\Chats.csproj", "{2F99FEA2-49DE-4B07-A424-3EC4ADEF1725}"
EndProject
Project("{FAE04EC0-301F-11D3-BF4B-00C04F79EFBC}") = "LibProtocol", "LibProtocol\LibProtocol.csproj", "{E9D78888-3999-4502-B599-6454573C04DF}"
EndProject
Project("{FAE04EC0-301F-11D3-BF4B-00C04F79EFBC}") = "Server", "Server\Server.csproj", "{446D00AA-B093-46B2-A94B-0E0325C18F71}"
EndProject
Global
	GlobalSection(SolutionConfigurationPlatforms) = preSolution
		Debug|Any CPU = Debug|Any CPU
		Release|Any CPU = Release|Any CPU
	EndGlobalSection
	GlobalSection(ProjectConfigurationPlatforms) = postSolution
		{2F99FEA2-49DE-4B07-A424-3EC4ADEF1725}.Debug|Any CPU.ActiveCfg = Debug|Any CPU
		{2F99FEA2-49DE-4B07-A424-3EC4ADEF1725}.Debug|Any CPU.Build.0 = Debug|Any CPU
		{2F99FEA2-49DE-4B07-A424-3EC4ADEF1725}.Release|Any CPU.ActiveCfg = Release|Any CPU
		{2F99FEA2-49DE-4B07-A424-3EC4ADEF1725}.Release|Any CPU.Build.0 = Release|Any CPU
		{E9D78888-3999-4502-B599-6454573C04DF}.Debug|Any CPU.ActiveCfg = Debug|Any CPU
		{E9D78888-3999-4502-B599-6454573C04DF}.Debug|Any CPU.Build.0 = Debug|Any CPU
		{E9D78888-3999-4502-B599-6454573C04DF}.Release|Any CPU.ActiveCfg = Release|Any CPU
		{E9D78888-3999-4502-B599-6454573C04DF}.Release|Any CPU.Build.0 = Release|Any CPU
		{446D00AA-B093-46B2-A94B-0E0325C18F71}.Debug|Any CPU.ActiveCfg = Debug|Any CPU
		{446D00AA-B093-46B2-A94B-0E0325C18F71}.Debug|Any CPU.Build.0 = Debug|Any CPU
		{446D00AA-B093-46B2-A94B-0E0325C18F71}.Release|Any CPU.ActiveCfg = Release|Any CPU
		{446D00AA-B093-46B2-A94B-0E0325C18F71}.Release|Any CPU.Build.0 = Release|Any CPU
	EndGlobalSection
	GlobalSection(SolutionProperties) = preSolution
		HideSolutionNode = FALSE
	EndGlobalSection
	GlobalSection(ExtensibilityGlobals) = postSolution
		SolutionGuid = {776BC879-4B41-4AD4-842B-37B693F55087}
	EndGlobalSection
EndGlobal
